
Microsoft Visual Studio Solution File, Format Version 12.00
# Visual Studio 15
VisualStudioVersion = 15.0.28307.572
MinimumVisualStudioVersion = 10.0.40219.1
Project("{FAE04EC0-301F-11D3-BF4B-00C04F79EFBC}") = "RPG", "RPG\RPG.csproj", "{BFBBE27A-99C4-47A7-B3AA-9668F05D558C}"
EndProject
Global
	GlobalSection(SolutionConfigurationPlatforms) = preSolution
		Debug|Any CPU = Debug|Any CPU
		Release|Any CPU = Release|Any CPU
	EndGlobalSection
	GlobalSection(ProjectConfigurationPlatforms) = postSolution
		{BFBBE27A-99C4-47A7-B3AA-9668F05D558C}.Debug|Any CPU.ActiveCfg = Debug|Any CPU
		{BFBBE27A-99C4-47A7-B3AA-9668F05D558C}.Debug|Any CPU.Build.0 = Debug|Any CPU
		{BFBBE27A-99C4-47A7-B3AA-9668F05D558C}.Release|Any CPU.ActiveCfg = Release|Any CPU
		{BFBBE27A-99C4-47A7-B3AA-9668F05D558C}.Release|Any CPU.Build.0 = Release|Any CPU
	EndGlobalSection
	GlobalSection(SolutionProperties) = preSolution
		HideSolutionNode = FALSE
	EndGlobalSection
	GlobalSection(ExtensibilityGlobals) = postSolution
		SolutionGuid = {D602F71C-FC52-4B62-8F99-7BCE5E68F5DC}
	EndGlobalSection
EndGlobal
